github.com/go-webdl/bits v0.0.0-20211211000000-287c1fdc6155 h1:Us7H7ZTJ3ArY+tsdWYa2kUn5WYHF+iw1fPOQE5TSXQk=
github.com/go-webdl/bits v0.0.0-20211211000000-287c1fdc6155/go.mod h1:NANrHsqYBU0z7EL1NKzfSjgtDknXPwBUxtsNZJxyWds=
github.com/go-webdl/encodetype v0.0.0-20211211000000-399831e12915 h1:8KenVG9++gA/svaMPRMTdcHpPlZxBX3OIOVcTBUT1nI=
github.com/go-webdl/encodetype v0.0.0-20211211000000-399831e12915/go.mod h1:GYzqTviFew2cPMj2wZ1cA099oPq0700ohWDiK8u6Z3s=
github.com/go-webdl/media-codec v0.0.0-20211211000000-5ec4ee1754ab h1:sNKXn41J+XWUzFucLDdLd/58AciYwmarwEk39EE6b4s=
github.com/go-webdl/media-codec v0.0.0-20211211000000-5ec4ee1754ab/go.mod h1:72J4NVJBtCS1mM7qomJ85XqUga26scgySuBwTBSfdPc=
github.com/go-webdl/mp4 v0.0.0-20211211000000-f26e8442460b h1:IY20zrtMVLr4/KPX8nL+Zgd/XjmP9LWVwetZB9b1/tY=
github.com/go-webdl/mp4 v0.0.0-20211211000000-f26e8442460b/go.mod h1:klzGTKgHtPqDhesbkZWU6K6m85DjtnCCEiw4N88T0F4=
github.com/google/uuid v1.3.0 h1:t6JiXgmwXMjEs8VusXIJk2BXHsn+wx8BZdTaoZ5fu7I=
github.com/google/uuid v1.3.0/go.mod h1:TIyPZe4MgqvfeYDBFedMoGGpEw/LqOeaOT+nhxU+yHo=
golang.org/x/text v0.3.7 h1:olpwvP2KacW1ZWvsR7uQhoyTYvKAupfQrRGBFM352Gk=
golang.org/x/text v0.3.7/go.mod h1:u+2+/6zg+i71rQMx5EYifcz6MCKuco9NR6JIITiCfzQ=
golang.org/x/tools v0.0.0-20180917221912-90fa682c2a6e/go.mod h1:n7NCudcB/nEzxVGmLbDWY5pfWTLqBcC2KZ6jyYvM4mQ=
