github.com/go-webdl/bits v0.0.0-20211211000000-287c1fdc6155/go.mod h1:NANrHsqYBU0z7EL1NKzfSjgtDknXPwBUxtsNZJxyWds=
github.com/go-webdl/bits v0.0.0-20220301000000-d7a7b0606f3c/go.mod h1:OzQBJxBDTFzjuZl/IXre3R4F5jiY3nGuf50QnxCTKjA=
github.com/go-webdl/bits v0.0.0-20220528000000-0c191dce8c55 h1:RpiugKN4dEj0gV4Sb5kwo7YaoIL38MzeyflpfVWw3ow=
github.com/go-webdl/bits v0.0.0-20220528000000-0c191dce8c55/go.mod h1:OzQBJxBDTFzjuZl/IXre3R4F5jiY3nGuf50QnxCTKjA=
github.com/go-webdl/encodetype v0.0.0-20220528000000-fc69e406bb75 h1:dHAFeliFEpAZplOzFcFsgqUS0a3bPmwUkxZvh8DwRS8=
github.com/go-webdl/encodetype v0.0.0-20220528000000-fc69e406bb75/go.mod h1:RADWIxJfr0hoto4TteK6XE+zyFy3ziM3+sub2+hwffc=
github.com/go-webdl/media-codec v0.0.0-20211212000000-66f7d04d71d9/go.mod h1:72J4NVJBtCS1mM7qomJ85XqUga26scgySuBwTBSfdPc=
github.com/go-webdl/media-codec v0.0.0-20220528000000-28f35152e780 h1:zZRoyzo9Ul8W7W17QyXvaMqjsRpUuziplg8YdIbuHRE=
github.com/go-webdl/media-codec v0.0.0-20220528000000-28f35152e780/go.mod h1:72J4NVJBtCS1mM7qomJ85XqUga26scgySuBwTBSfdPc=
github.com/go-webdl/mp4 v0.0.0-20220528000000-6db12f959ab1 h1:vs7/E+u+zFUrpPLGh1/T5Iw/oKXj2thpPw13NNmfeNw=
github.com/go-webdl/mp4 v0.0.0-20220528000000-6db12f959ab1/go.mod h1:wkqEdbOVVpWmvksIYB3dXVaiQJATVLLIHb/bz8JXATQ=
github.com/google/uuid v1.3.0 h1:t6JiXgmwXMjEs8VusXIJk2BXHsn+wx8BZdTaoZ5fu7I=
github.com/google/uuid v1.3.0/go.mod h1:TIyPZe4MgqvfeYDBFedMoGGpEw/LqOeaOT+nhxU+yHo=
golang.org/x/text v0.3.7 h1:olpwvP2KacW1ZWvsR7uQhoyTYvKAupfQrRGBFM352Gk=
golang.org/x/text v0.3.7/go.mod h1:u+2+/6zg+i71rQMx5EYifcz6MCKuco9NR6JIITiCfzQ=
golang.org/x/tools v0.0.0-20180917221912-90fa682c2a6e/go.mod h1:n7NCudcB/nEzxVGmLbDWY5pfWTLqBcC2KZ6jyYvM4mQ=
